# This file is automatically @generated by Poetry 1.5.1 and should not be changed by hand.

[[package]]
name = "types-uno-script"
version = "0.1.1"
description = "Type annotations for LibreOffice UNO Script"
optional = false
python-versions = ">=3.7.0"
files = [
    {file = "types-uno-script-0.1.1.tar.gz", hash = "sha256:0ec3adf5567b289b0e922a3b046593a374206f73a8ed3230a72afc7de5fdb7c2"},
    {file = "types_uno_script-0.1.1-py3-none-any.whl", hash = "sha256:092f710bd187825957ec67ee1bd2c8f7094b4d4a728966e70d3870239656407a"},
]

[metadata]
lock-version = "2.0"
python-versions = "^3.8"
content-hash = "e265f869412670a3b0370e44648786f59f49f17fbb089bd3549489073e2771a5"
